// !$*UTF8*$!
{
	archiveVersion = 1;
	classes = {
	};
	objectVersion = 55;
	objects = {

/* Begin PBXBuildFile section */
		7F5ECAE027F430F10037D571 /* AppDelegate.swift in Sources */ = {isa = PBXBuildFile; fileRef = 7F5ECADF27F430F10037D571 /* AppDelegate.swift */; };
		7F5ECAE227F430F10037D571 /* SceneDelegate.swift in Sources */ = {isa = PBXBuildFile; fileRef = 7F5ECAE127F430F10037D571 /* SceneDelegate.swift */; };
		7F5ECAE727F430F10037D571 /* Main.storyboard in Resources */ = {isa = PBXBuildFile; fileRef = 7F5ECAE527F430F10037D571 /* Main.storyboard */; };
		7F5ECAE927F430F20037D571 /* Assets.xcassets in Resources */ = {isa = PBXBuildFile; fileRef = 7F5ECAE827F430F20037D571 /* Assets.xcassets */; };
		7F5ECAEC27F430F20037D571 /* LaunchScreen.storyboard in Resources */ = {isa = PBXBuildFile; fileRef = 7F5ECAEA27F430F20037D571 /* LaunchScreen.storyboard */; };
		7F5ECAF727F430F20037D571 /* CollectionViewDemoTests.swift in Sources */ = {isa = PBXBuildFile; fileRef = 7F5ECAF627F430F20037D571 /* CollectionViewDemoTests.swift */; };
		7F5ECB0127F430F20037D571 /* CollectionViewDemoUITests.swift in Sources */ = {isa = PBXBuildFile; fileRef = 7F5ECB0027F430F20037D571 /* CollectionViewDemoUITests.swift */; };
		7F5ECB0327F430F20037D571 /* CollectionViewDemoUITestsLaunchTests.swift in Sources */ = {isa = PBXBuildFile; fileRef = 7F5ECB0227F430F20037D571 /* CollectionViewDemoUITestsLaunchTests.swift */; };
		7F5ECB1227F431540037D571 /* CollectionViewController.swift in Sources */ = {isa = PBXBuildFile; fileRef = 7F5ECB1127F431540037D571 /* CollectionViewController.swift */; };
		7F5ECB1527F433270037D571 /* CollectionViewLayout.swift in Sources */ = {isa = PBXBuildFile; fileRef = 7F5ECB1427F433270037D571 /* CollectionViewLayout.swift */; };
		7F5ECB1727F433A90037D571 /* CollectionViewCell.swift in Sources */ = {isa = PBXBuildFile; fileRef = 7F5ECB1627F433A90037D571 /* CollectionViewCell.swift */; };
		7F5ECB5C27F59E180037D571 /* CollectionViewTransitionLayout.swift in Sources */ = {isa = PBXBuildFile; fileRef = 7F5ECB5B27F59E180037D571 /* CollectionViewTransitionLayout.swift */; };
/* End PBXBuildFile section */

/* Begin PBXContainerItemProxy section */
		7F5ECAF327F430F20037D571 /* PBXContainerItemProxy */ = {
			isa = PBXContainerItemProxy;
			containerPortal = 7F5ECAD427F430F10037D571 /* Project object */;
			proxyType = 1;
			remoteGlobalIDString = 7F5ECADB27F430F10037D571;
			remoteInfo = CollectionViewDemo;
		};
		7F5ECAFD27F430F20037D571 /* PBXContainerItemProxy */ = {
			isa = PBXContainerItemProxy;
			containerPortal = 7F5ECAD427F430F10037D571 /* Project object */;
			proxyType = 1;
			remoteGlobalIDString = 7F5ECADB27F430F10037D571;
			remoteInfo = CollectionViewDemo;
		};
/* End PBXContainerItemProxy section */

/* Begin PBXFileReference section */
		7F5ECADC27F430F10037D571 /* CollectionViewDemo.app */ = {isa = PBXFileReference; explicitFileType = wrapper.application; includeInIndex = 0; path = CollectionViewDemo.app; sourceTree = BUILT_PRODUCTS_DIR; };
		7F5ECADF27F430F10037D571 /* AppDelegate.swift */ = {isa = PBXFileReference; lastKnownFileType = sourcecode.swift; path = AppDelegate.swift; sourceTree = "<group>"; };
		7F5ECAE127F430F10037D571 /* SceneDelegate.swift */ = {isa = PBXFileReference; lastKnownFileType = sourcecode.swift; path = SceneDelegate.swift; sourceTree = "<group>"; };
		7F5ECAE627F430F10037D571 /* Base */ = {isa = PBXFileReference; lastKnownFileType = file.storyboard; name = Base; path = Base.lproj/Main.storyboard; sourceTree = "<group>"; };
		7F5ECAE827F430F20037D571 /* Assets.xcassets */ = {isa = PBXFileReference; lastKnownFileType = folder.assetcatalog; path = Assets.xcassets; sourceTree = "<group>"; };
		7F5ECAEB27F430F20037D571 /* Base */ = {isa = PBXFileReference; lastKnownFileType = file.storyboard; name = Base; path = Base.lproj/LaunchScreen.storyboard; sourceTree = "<group>"; };
		7F5ECAED27F430F20037D571 /* Info.plist */ = {isa = PBXFileReference; lastKnownFileType = text.plist.xml; path = Info.plist; sourceTree = "<group>"; };
		7F5ECAF227F430F20037D571 /* CollectionViewDemoTests.xctest */ = {isa = PBXFileReference; explicitFileType = wrapper.cfbundle; includeInIndex = 0; path = CollectionViewDemoTests.xctest; sourceTree = BUILT_PRODUCTS_DIR; };
		7F5ECAF627F430F20037D571 /* CollectionViewDemoTests.swift */ = {isa = PBXFileReference; lastKnownFileType = sourcecode.swift; path = CollectionViewDemoTests.swift; sourceTree = "<group>"; };
		7F5ECAFC27F430F20037D571 /* CollectionViewDemoUITests.xctest */ = {isa = PBXFileReference; explicitFileType = wrapper.cfbundle; includeInIndex = 0; path = CollectionViewDemoUITests.xctest; sourceTree = BUILT_PRODUCTS_DIR; };
		7F5ECB0027F430F20037D571 /* CollectionViewDemoUITests.swift */ = {isa = PBXFileReference; lastKnownFileType = sourcecode.swift; path = CollectionViewDemoUITests.swift; sourceTree = "<group>"; };
		7F5ECB0227F430F20037D571 /* CollectionViewDemoUITestsLaunchTests.swift */ = {isa = PBXFileReference; lastKnownFileType = sourcecode.swift; path = CollectionViewDemoUITestsLaunchTests.swift; sourceTree = "<group>"; };
		7F5ECB1127F431540037D571 /* CollectionViewController.swift */ = {isa = PBXFileReference; lastKnownFileType = sourcecode.swift; path = CollectionViewController.swift; sourceTree = "<group>"; };
		7F5ECB1427F433270037D571 /* CollectionViewLayout.swift */ = {isa = PBXFileReference; lastKnownFileType = sourcecode.swift; path = CollectionViewLayout.swift; sourceTree = "<group>"; };
		7F5ECB1627F433A90037D571 /* CollectionViewCell.swift */ = {isa = PBXFileReference; lastKnownFileType = sourcecode.swift; path = CollectionViewCell.swift; sourceTree = "<group>"; };
		7F5ECB5B27F59E180037D571 /* CollectionViewTransitionLayout.swift */ = {isa = PBXFileReference; lastKnownFileType = sourcecode.swift; path = CollectionViewTransitionLayout.swift; sourceTree = "<group>"; };
/* End PBXFileReference section */

/* Begin PBXFrameworksBuildPhase section */
		7F5ECAD927F430F10037D571 /* Frameworks */ = {
			isa = PBXFrameworksBuildPhase;
			buildActionMask = 2147483647;
			files = (
			);
			runOnlyForDeploymentPostprocessing = 0;
		};
		7F5ECAEF27F430F20037D571 /* Frameworks */ = {
			isa = PBXFrameworksBuildPhase;
			buildActionMask = 2147483647;
			files = (
			);
			runOnlyForDeploymentPostprocessing = 0;
		};
		7F5ECAF927F430F20037D571 /* Frameworks */ = {
			isa = PBXFrameworksBuildPhase;
			buildActionMask = 2147483647;
			files = (
			);
			runOnlyForDeploymentPostprocessing = 0;
		};
/* End PBXFrameworksBuildPhase section */

/* Begin PBXGroup section */
		7F5ECAD327F430F10037D571 = {
			isa = PBXGroup;
			children = (
				7F5ECB1027F4312D0037D571 /* CollectionView */,
				7F5ECADE27F430F10037D571 /* CollectionViewDemo */,
				7F5ECAF527F430F20037D571 /* CollectionViewDemoTests */,
				7F5ECAFF27F430F20037D571 /* CollectionViewDemoUITests */,
				7F5ECADD27F430F10037D571 /* Products */,
			);
			sourceTree = "<group>";
		};
		7F5ECADD27F430F10037D571 /* Products */ = {
			isa = PBXGroup;
			children = (
				7F5ECADC27F430F10037D571 /* CollectionViewDemo.app */,
				7F5ECAF227F430F20037D571 /* CollectionViewDemoTests.xctest */,
				7F5ECAFC27F430F20037D571 /* CollectionViewDemoUITests.xctest */,
			);
			name = Products;
			sourceTree = "<group>";
		};
		7F5ECADE27F430F10037D571 /* CollectionViewDemo */ = {
			isa = PBXGroup;
			children = (
				7F5ECADF27F430F10037D571 /* AppDelegate.swift */,
				7F5ECAE127F430F10037D571 /* SceneDelegate.swift */,
				7F5ECAE527F430F10037D571 /* Main.storyboard */,
				7F5ECAE827F430F20037D571 /* Assets.xcassets */,
				7F5ECAEA27F430F20037D571 /* LaunchScreen.storyboard */,
				7F5ECAED27F430F20037D571 /* Info.plist */,
			);
			path = CollectionViewDemo;
			sourceTree = "<group>";
		};
		7F5ECAF527F430F20037D571 /* CollectionViewDemoTests */ = {
			isa = PBXGroup;
			children = (
				7F5ECAF627F430F20037D571 /* CollectionViewDemoTests.swift */,
			);
			path = CollectionViewDemoTests;
			sourceTree = "<group>";
		};
		7F5ECAFF27F430F20037D571 /* CollectionViewDemoUITests */ = {
			isa = PBXGroup;
			children = (
				7F5ECB0027F430F20037D571 /* CollectionViewDemoUITests.swift */,
				7F5ECB0227F430F20037D571 /* CollectionViewDemoUITestsLaunchTests.swift */,
			);
			path = CollectionViewDemoUITests;
			sourceTree = "<group>";
		};
		7F5ECB1027F4312D0037D571 /* CollectionView */ = {
			isa = PBXGroup;
			children = (
				7F5ECB1127F431540037D571 /* CollectionViewController.swift */,
				7F5ECB1427F433270037D571 /* CollectionViewLayout.swift */,
				7F5ECB1627F433A90037D571 /* CollectionViewCell.swift */,
				7F5ECB5B27F59E180037D571 /* CollectionViewTransitionLayout.swift */,
			);
			path = CollectionView;
			sourceTree = "<group>";
		};
/* End PBXGroup section */

/* Begin PBXNativeTarget section */
		7F5ECADB27F430F10037D571 /* CollectionViewDemo */ = {
			isa = PBXNativeTarget;
			buildConfigurationList = 7F5ECB0627F430F20037D571 /* Build configuration list for PBXNativeTarget "CollectionViewDemo" */;
			buildPhases = (
				7F5ECAD827F430F10037D571 /* Sources */,
				7F5ECAD927F430F10037D571 /* Frameworks */,
				7F5ECADA27F430F10037D571 /* Resources */,
			);
			buildRules = (
			);
			dependencies = (
			);
			name = CollectionViewDemo;
			productName = CollectionViewDemo;
			productReference = 7F5ECADC27F430F10037D571 /* CollectionViewDemo.app */;
			productType = "com.apple.product-type.application";
		};
		7F5ECAF127F430F20037D571 /* CollectionViewDemoTests */ = {
			isa = PBXNativeTarget;
			buildConfigurationList = 7F5ECB0927F430F20037D571 /* Build configuration list for PBXNativeTarget "CollectionViewDemoTests" */;
			buildPhases = (
				7F5ECAEE27F430F20037D571 /* Sources */,
				7F5ECAEF27F430F20037D571 /* Frameworks */,
				7F5ECAF027F430F20037D571 /* Resources */,
			);
			buildRules = (
			);
			dependencies = (
				7F5ECAF427F430F20037D571 /* PBXTargetDependency */,
			);
			name = CollectionViewDemoTests;
			productName = CollectionViewDemoTests;
			productReference = 7F5ECAF227F430F20037D571 /* CollectionViewDemoTests.xctest */;
			productType = "com.apple.product-type.bundle.unit-test";
		};
		7F5ECAFB27F430F20037D571 /* CollectionViewDemoUITests */ = {
			isa = PBXNativeTarget;
			buildConfigurationList = 7F5ECB0C27F430F20037D571 /* Build configuration list for PBXNativeTarget "CollectionViewDemoUITests" */;
			buildPhases = (
				7F5ECAF827F430F20037D571 /* Sources */,
				7F5ECAF927F430F20037D571 /* Frameworks */,
				7F5ECAFA27F430F20037D571 /* Resources */,
			);
			buildRules = (
			);
			dependencies = (
				7F5ECAFE27F430F20037D571 /* PBXTargetDependency */,
			);
			name = CollectionViewDemoUITests;
			productName = CollectionViewDemoUITests;
			productReference = 7F5ECAFC27F430F20037D571 /* CollectionViewDemoUITests.xctest */;
			productType = "com.apple.product-type.bundle.ui-testing";
		};
/* End PBXNativeTarget section */

/* Begin PBXProject section */
		7F5ECAD427F430F10037D571 /* Project object */ = {
			isa = PBXProject;
			attributes = {
				BuildIndependentTargetsInParallel = 1;
				LastSwiftUpdateCheck = 1320;
				LastUpgradeCheck = 1320;
				TargetAttributes = {
					7F5ECADB27F430F10037D571 = {
						CreatedOnToolsVersion = 13.2.1;
					};
					7F5ECAF127F430F20037D571 = {
						CreatedOnToolsVersion = 13.2.1;
						TestTargetID = 7F5ECADB27F430F10037D571;
					};
					7F5ECAFB27F430F20037D571 = {
						CreatedOnToolsVersion = 13.2.1;
						TestTargetID = 7F5ECADB27F430F10037D571;
					};
				};
			};
			buildConfigurationList = 7F5ECAD727F430F10037D571 /* Build configuration list for PBXProject "CollectionViewDemo" */;
			compatibilityVersion = "Xcode 13.0";
			developmentRegion = en;
			hasScannedForEncodings = 0;
			knownRegions = (
				en,
				Base,
			);
			mainGroup = 7F5ECAD327F430F10037D571;
			productRefGroup = 7F5ECADD27F430F10037D571 /* Products */;
			projectDirPath = "";
			projectRoot = "";
			targets = (
				7F5ECADB27F430F10037D571 /* CollectionViewDemo */,
				7F5ECAF127F430F20037D571 /* CollectionViewDemoTests */,
				7F5ECAFB27F430F20037D571 /* CollectionViewDemoUITests */,
			);
		};
/* End PBXProject section */

/* Begin PBXResourcesBuildPhase section */
		7F5ECADA27F430F10037D571 /* Resources */ = {
			isa = PBXResourcesBuildPhase;
			buildActionMask = 2147483647;
			files = (
				7F5ECAEC27F430F20037D571 /* LaunchScreen.storyboard in Resources */,
				7F5ECAE927F430F20037D571 /* Assets.xcassets in Resources */,
				7F5ECAE727F430F10037D571 /* Main.storyboard in Resources */,
			);
			runOnlyForDeploymentPostprocessing = 0;
		};
		7F5ECAF027F430F20037D571 /* Resources */ = {
			isa = PBXResourcesBuildPhase;
			buildActionMask = 2147483647;
			files = (
			);
			runOnlyForDeploymentPostprocessing = 0;
		};
		7F5ECAFA27F430F20037D571 /* Resources */ = {
			isa = PBXResourcesBuildPhase;
			buildActionMask = 2147483647;
			files = (
			);
			runOnlyForDeploymentPostprocessing = 0;
		};
/* End PBXResourcesBuildPhase section */

/* Begin PBXSourcesBuildPhase section */
		7F5ECAD827F430F10037D571 /* Sources */ = {
			isa = PBXSourcesBuildPhase;
			buildActionMask = 2147483647;
			files = (
				7F5ECB1727F433A90037D571 /* CollectionViewCell.swift in Sources */,
				7F5ECB1227F431540037D571 /* CollectionViewController.swift in Sources */,
				7F5ECAE027F430F10037D571 /* AppDelegate.swift in Sources */,
				7F5ECB5C27F59E180037D571 /* CollectionViewTransitionLayout.swift in Sources */,
				7F5ECB1527F433270037D571 /* CollectionViewLayout.swift in Sources */,
				7F5ECAE227F430F10037D571 /* SceneDelegate.swift in Sources */,
			);
			runOnlyForDeploymentPostprocessing = 0;
		};
		7F5ECAEE27F430F20037D571 /* Sources */ = {
			isa = PBXSourcesBuildPhase;
			buildActionMask = 2147483647;
			files = (
				7F5ECAF727F430F20037D571 /* CollectionViewDemoTests.swift in Sources */,
			);
			runOnlyForDeploymentPostprocessing = 0;
		};
		7F5ECAF827F430F20037D571 /* Sources */ = {
			isa = PBXSourcesBuildPhase;
			buildActionMask = 2147483647;
			files = (
				7F5ECB0327F430F20037D571 /* CollectionViewDemoUITestsLaunchTests.swift in Sources */,
				7F5ECB0127F430F20037D571 /* CollectionViewDemoUITests.swift in Sources */,
			);
			runOnlyForDeploymentPostprocessing = 0;
		};
/* End PBXSourcesBuildPhase section */

/* Begin PBXTargetDependency section */
		7F5ECAF427F430F20037D571 /* PBXTargetDependency */ = {
			isa = PBXTargetDependency;
			target = 7F5ECADB27F430F10037D571 /* CollectionViewDemo */;
			targetProxy = 7F5ECAF327F430F20037D571 /* PBXContainerItemProxy */;
		};
		7F5ECAFE27F430F20037D571 /* PBXTargetDependency */ = {
			isa = PBXTargetDependency;
			target = 7F5ECADB27F430F10037D571 /* CollectionViewDemo */;
			targetProxy = 7F5ECAFD27F430F20037D571 /* PBXContainerItemProxy */;
		};
/* End PBXTargetDependency section */

/* Begin PBXVariantGroup section */
		7F5ECAE527F430F10037D571 /* Main.storyboard */ = {
			isa = PBXVariantGroup;
			children = (
				7F5ECAE627F430F10037D571 /* Base */,
			);
			name = Main.storyboard;
			sourceTree = "<group>";
		};
		7F5ECAEA27F430F20037D571 /* LaunchScreen.storyboard */ = {
			isa = PBXVariantGroup;
			children = (
				7F5ECAEB27F430F20037D571 /* Base */,
			);
			name = LaunchScreen.storyboard;
			sourceTree = "<group>";
		};
/* End PBXVariantGroup section */

/* Begin XCBuildConfiguration section */
		7F5ECB0427F430F20037D571 /* Debug */ = {
			isa = XCBuildConfiguration;
			buildSettings = {
				ALWAYS_SEARCH_USER_PATHS = NO;
				CLANG_ANALYZER_NONNULL = YES;
				CLANG_ANALYZER_NUMBER_OBJECT_CONVERSION = YES_AGGRESSIVE;
				CLANG_CXX_LANGUAGE_STANDARD = "gnu++17";
				CLANG_CXX_LIBRARY = "libc++";
				CLANG_ENABLE_MODULES = YES;
				CLANG_ENABLE_OBJC_ARC = YES;
				CLANG_ENABLE_OBJC_WEAK = YES;
				CLANG_WARN_BLOCK_CAPTURE_AUTORELEASING = YES;
				CLANG_WARN_BOOL_CONVERSION = YES;
				CLANG_WARN_COMMA = YES;
				CLANG_WARN_CONSTANT_CONVERSION = YES;
				CLANG_WARN_DEPRECATED_OBJC_IMPLEMENTATIONS = YES;
				CLANG_WARN_DIRECT_OBJC_ISA_USAGE = YES_ERROR;
				CLANG_WARN_DOCUMENTATION_COMMENTS = YES;
				CLANG_WARN_EMPTY_BODY = YES;
				CLANG_WARN_ENUM_CONVERSION = YES;
				CLANG_WARN_INFINITE_RECURSION = YES;
				CLANG_WARN_INT_CONVERSION = YES;
				CLANG_WARN_NON_LITERAL_NULL_CONVERSION = YES;
				CLANG_WARN_OBJC_IMPLICIT_RETAIN_SELF = YES;
				CLANG_WARN_OBJC_LITERAL_CONVERSION = YES;
				CLANG_WARN_OBJC_ROOT_CLASS = YES_ERROR;
				CLANG_WARN_QUOTED_INCLUDE_IN_FRAMEWORK_HEADER = YES;
				CLANG_WARN_RANGE_LOOP_ANALYSIS = YES;
				CLANG_WARN_STRICT_PROTOTYPES = YES;
				CLANG_WARN_SUSPICIOUS_MOVE = YES;
				CLANG_WARN_UNGUARDED_AVAILABILITY = YES_AGGRESSIVE;
				CLANG_WARN_UNREACHABLE_CODE = YES;
				CLANG_WARN__DUPLICATE_METHOD_MATCH = YES;
				COPY_PHASE_STRIP = NO;
				DEBUG_INFORMATION_FORMAT = dwarf;
				ENABLE_STRICT_OBJC_MSGSEND = YES;
				ENABLE_TESTABILITY = YES;
				GCC_C_LANGUAGE_STANDARD = gnu11;
				GCC_DYNAMIC_NO_PIC = NO;
				GCC_NO_COMMON_BLOCKS = YES;
				GCC_OPTIMIZATION_LEVEL = 0;
				GCC_PREPROCESSOR_DEFINITIONS = (
					"DEBUG=1",
					"$(inherited)",
				);
				GCC_WARN_64_TO_32_BIT_CONVERSION = YES;
				GCC_WARN_ABOUT_RETURN_TYPE = YES_ERROR;
				GCC_WARN_UNDECLARED_SELECTOR = YES;
				GCC_WARN_UNINITIALIZED_AUTOS = YES_AGGRESSIVE;
				GCC_WARN_UNUSED_FUNCTION = YES;
				GCC_WARN_UNUSED_VARIABLE = YES;
				IPHONEOS_DEPLOYMENT_TARGET = 15.2;
				MTL_ENABLE_DEBUG_INFO = INCLUDE_SOURCE;
				MTL_FAST_MATH = YES;
				ONLY_ACTIVE_ARCH = YES;
				SDKROOT = iphoneos;
				SWIFT_ACTIVE_COMPILATION_CONDITIONS = DEBUG;
				SWIFT_OPTIMIZATION_LEVEL = "-Onone";
			};
			name = Debug;
		};
		7F5ECB0527F430F20037D571 /* Release */ = {
			isa = XCBuildConfiguration;
			buildSettings = {
				ALWAYS_SEARCH_USER_PATHS = NO;
				CLANG_ANALYZER_NONNULL = YES;
				CLANG_ANALYZER_NUMBER_OBJECT_CONVERSION = YES_AGGRESSIVE;
				CLANG_CXX_LANGUAGE_STANDARD = "gnu++17";
				CLANG_CXX_LIBRARY = "libc++";
				CLANG_ENABLE_MODULES = YES;
				CLANG_ENABLE_OBJC_ARC = YES;
				CLANG_ENABLE_OBJC_WEAK = YES;
				CLANG_WARN_BLOCK_CAPTURE_AUTORELEASING = YES;
				CLANG_WARN_BOOL_CONVERSION = YES;
				CLANG_WARN_COMMA = YES;
				CLANG_WARN_CONSTANT_CONVERSION = YES;
				CLANG_WARN_DEPRECATED_OBJC_IMPLEMENTATIONS = YES;
				CLANG_WARN_DIRECT_OBJC_ISA_USAGE = YES_ERROR;
				CLANG_WARN_DOCUMENTATION_COMMENTS = YES;
				CLANG_WARN_EMPTY_BODY = YES;
				CLANG_WARN_ENUM_CONVERSION = YES;
				CLANG_WARN_INFINITE_RECURSION = YES;
				CLANG_WARN_INT_CONVERSION = YES;
				CLANG_WARN_NON_LITERAL_NULL_CONVERSION = YES;
				CLANG_WARN_OBJC_IMPLICIT_RETAIN_SELF = YES;
				CLANG_WARN_OBJC_LITERAL_CONVERSION = YES;
				CLANG_WARN_OBJC_ROOT_CLASS = YES_ERROR;
				CLANG_WARN_QUOTED_INCLUDE_IN_FRAMEWORK_HEADER = YES;
				CLANG_WARN_RANGE_LOOP_ANALYSIS = YES;
				CLANG_WARN_STRICT_PROTOTYPES = YES;
				CLANG_WARN_SUSPICIOUS_MOVE = YES;
				CLANG_WARN_UNGUARDED_AVAILABILITY = YES_AGGRESSIVE;
				CLANG_WARN_UNREACHABLE_CODE = YES;
				CLANG_WARN__DUPLICATE_METHOD_MATCH = YES;
				COPY_PHASE_STRIP = NO;
				DEBUG_INFORMATION_FORMAT = "dwarf-with-dsym";
				ENABLE_NS_ASSERTIONS = NO;
				ENABLE_STRICT_OBJC_MSGSEND = YES;
				GCC_C_LANGUAGE_STANDARD = gnu11;
				GCC_NO_COMMON_BLOCKS = YES;
				GCC_WARN_64_TO_32_BIT_CONVERSION = YES;
				GCC_WARN_ABOUT_RETURN_TYPE = YES_ERROR;
				GCC_WARN_UNDECLARED_SELECTOR = YES;
				GCC_WARN_UNINITIALIZED_AUTOS = YES_AGGRESSIVE;
				GCC_WARN_UNUSED_FUNCTION = YES;
				GCC_WARN_UNUSED_VARIABLE = YES;
				IPHONEOS_DEPLOYMENT_TARGET = 15.2;
				MTL_ENABLE_DEBUG_INFO = NO;
				MTL_FAST_MATH = YES;
				SDKROOT = iphoneos;
				SWIFT_COMPILATION_MODE = wholemodule;
				SWIFT_OPTIMIZATION_LEVEL = "-O";
				VALIDATE_PRODUCT = YES;
			};
			name = Release;
		};
		7F5ECB0727F430F20037D571 /* Debug */ = {
			isa = XCBuildConfiguration;
			buildSettings = {
				ASSETCATALOG_COMPILER_APPICON_NAME = AppIcon;
				ASSETCATALOG_COMPILER_GLOBAL_ACCENT_COLOR_NAME = AccentColor;
				CODE_SIGN_STYLE = Automatic;
				CURRENT_PROJECT_VERSION = 1;
				DEVELOPMENT_TEAM = V8ETDGXR5B;
				GENERATE_INFOPLIST_FILE = YES;
				INFOPLIST_FILE = CollectionViewDemo/Info.plist;
				INFOPLIST_KEY_UIApplicationSupportsIndirectInputEvents = YES;
				INFOPLIST_KEY_UILaunchStoryboardName = LaunchScreen;
				INFOPLIST_KEY_UIMainStoryboardFile = Main;
				INFOPLIST_KEY_UISupportedInterfaceOrientations = "UIInterfaceOrientationPortrait UIInterfaceOrientationLandscapeLeft UIInterfaceOrientationLandscapeRight";
				INFOPLIST_KEY_UISupportedInterfaceOrientations_iPad = "UIInterfaceOrientationPortrait UIInterfaceOrientationPortraitUpsideDown UIInterfaceOrientationLandscapeLeft UIInterfaceOrientationLandscapeRight";
				INFOPLIST_KEY_UISupportedInterfaceOrientations_iPhone = "UIInterfaceOrientationPortrait UIInterfaceOrientationLandscapeLeft UIInterfaceOrientationLandscapeRight";
				IPHONEOS_DEPLOYMENT_TARGET = 13.0;
				LD_RUNPATH_SEARCH_PATHS = (
					"$(inherited)",
					"@executable_path/Frameworks",
				);
				MARKETING_VERSION = 1.0;
				PRODUCT_BUNDLE_IDENTIFIER = nu.clox.CollectionViewDemo;
				PRODUCT_NAME = "$(TARGET_NAME)";
				SWIFT_EMIT_LOC_STRINGS = YES;
				SWIFT_VERSION = 5.0;
				TARGETED_DEVICE_FAMILY = "1,2";
			};
			name = Debug;
		};
		7F5ECB0827F430F20037D571 /* Release */ = {
			isa = XCBuildConfiguration;
			buildSettings = {
				ASSETCATALOG_COMPILER_APPICON_NAME = AppIcon;
				ASSETCATALOG_COMPILER_GLOBAL_ACCENT_COLOR_NAME = AccentColor;
				CODE_SIGN_STYLE = Automatic;
				CURRENT_PROJECT_VERSION = 1;
				DEVELOPMENT_TEAM = V8ETDGXR5B;
				GENERATE_INFOPLIST_FILE = YES;
				INFOPLIST_FILE = CollectionViewDemo/Info.plist;
				INFOPLIST_KEY_UIApplicationSupportsIndirectInputEvents = YES;
				INFOPLIST_KEY_UILaunchStoryboardName = LaunchScreen;
				INFOPLIST_KEY_UIMainStoryboardFile = Main;
				INFOPLIST_KEY_UISupportedInterfaceOrientations = "UIInterfaceOrientationPortrait UIInterfaceOrientationLandscapeLeft UIInterfaceOrientationLandscapeRight";
				INFOPLIST_KEY_UISupportedInterfaceOrientations_iPad = "UIInterfaceOrientationPortrait UIInterfaceOrientationPortraitUpsideDown UIInterfaceOrientationLandscapeLeft UIInterfaceOrientationLandscapeRight";
				INFOPLIST_KEY_UISupportedInterfaceOrientations_iPhone = "UIInterfaceOrientationPortrait UIInterfaceOrientationLandscapeLeft UIInterfaceOrientationLandscapeRight";
				IPHONEOS_DEPLOYMENT_TARGET = 13.0;
				LD_RUNPATH_SEARCH_PATHS = (
					"$(inherited)",
					"@executable_path/Frameworks",
				);
				MARKETING_VERSION = 1.0;
				PRODUCT_BUNDLE_IDENTIFIER = nu.clox.CollectionViewDemo;
				PRODUCT_NAME = "$(TARGET_NAME)";
				SWIFT_EMIT_LOC_STRINGS = YES;
				SWIFT_VERSION = 5.0;
				TARGETED_DEVICE_FAMILY = "1,2";
			};
			name = Release;
		};
		7F5ECB0A27F430F20037D571 /* Debug */ = {
			isa = XCBuildConfiguration;
			buildSettings = {
				ALWAYS_EMBED_SWIFT_STANDARD_LIBRARIES = YES;
				BUNDLE_LOADER = "$(TEST_HOST)";
				CODE_SIGN_STYLE = Automatic;
				CURRENT_PROJECT_VERSION = 1;
				DEVELOPMENT_TEAM = V8ETDGXR5B;
				GENERATE_INFOPLIST_FILE = YES;
				IPHONEOS_DEPLOYMENT_TARGET = 15.2;
				MARKETING_VERSION = 1.0;
				PRODUCT_BUNDLE_IDENTIFIER = nu.clox.CollectionViewDemoTests;
				PRODUCT_NAME = "$(TARGET_NAME)";
				SWIFT_EMIT_LOC_STRINGS = NO;
				SWIFT_VERSION = 5.0;
				TARGETED_DEVICE_FAMILY = "1,2";
				TEST_HOST = "$(BUILT_PRODUCTS_DIR)/CollectionViewDemo.app/CollectionViewDemo";
			};
			name = Debug;
		};
		7F5ECB0B27F430F20037D571 /* Release */ = {
			isa = XCBuildConfiguration;
			buildSettings = {
				ALWAYS_EMBED_SWIFT_STANDARD_LIBRARIES = YES;
				BUNDLE_LOADER = "$(TEST_HOST)";
				CODE_SIGN_STYLE = Automatic;
				CURRENT_PROJECT_VERSION = 1;
				DEVELOPMENT_TEAM = V8ETDGXR5B;
				GENERATE_INFOPLIST_FILE = YES;
				IPHONEOS_DEPLOYMENT_TARGET = 15.2;
				MARKETING_VERSION = 1.0;
				PRODUCT_BUNDLE_IDENTIFIER = nu.clox.CollectionViewDemoTests;
				PRODUCT_NAME = "$(TARGET_NAME)";
				SWIFT_EMIT_LOC_STRINGS = NO;
				SWIFT_VERSION = 5.0;
				TARGETED_DEVICE_FAMILY = "1,2";
				TEST_HOST = "$(BUILT_PRODUCTS_DIR)/CollectionViewDemo.app/CollectionViewDemo";
			};
			name = Release;
		};
		7F5ECB0D27F430F20037D571 /* Debug */ = {
			isa = XCBuildConfiguration;
			buildSettings = {
				ALWAYS_EMBED_SWIFT_STANDARD_LIBRARIES = YES;
				CODE_SIGN_STYLE = Automatic;
				CURRENT_PROJECT_VERSION = 1;
				DEVELOPMENT_TEAM = V8ETDGXR5B;
				GENERATE_INFOPLIST_FILE = YES;
				MARKETING_VERSION = 1.0;
				PRODUCT_BUNDLE_IDENTIFIER = nu.clox.CollectionViewDemoUITests;
				PRODUCT_NAME = "$(TARGET_NAME)";
				SWIFT_EMIT_LOC_STRINGS = NO;
				SWIFT_VERSION = 5.0;
				TARGETED_DEVICE_FAMILY = "1,2";
				TEST_TARGET_NAME = CollectionViewDemo;
			};
			name = Debug;
		};
		7F5ECB0E27F430F20037D571 /* Release */ = {
			isa = XCBuildConfiguration;
			buildSettings = {
				ALWAYS_EMBED_SWIFT_STANDARD_LIBRARIES = YES;
				CODE_SIGN_STYLE = Automatic;
				CURRENT_PROJECT_VERSION = 1;
				DEVELOPMENT_TEAM = V8ETDGXR5B;
				GENERATE_INFOPLIST_FILE = YES;
				MARKETING_VERSION = 1.0;
				PRODUCT_BUNDLE_IDENTIFIER = nu.clox.CollectionViewDemoUITests;
				PRODUCT_NAME = "$(TARGET_NAME)";
				SWIFT_EMIT_LOC_STRINGS = NO;
				SWIFT_VERSION = 5.0;
				TARGETED_DEVICE_FAMILY = "1,2";
				TEST_TARGET_NAME = CollectionViewDemo;
			};
			name = Release;
		};
/* End XCBuildConfiguration section */

/* Begin XCConfigurationList section */
		7F5ECAD727F430F10037D571 /* Build configuration list for PBXProject "CollectionViewDemo" */ = {
			isa = XCConfigurationList;
			buildConfigurations = (
				7F5ECB0427F430F20037D571 /* Debug */,
				7F5ECB0527F430F20037D571 /* Release */,
			);
			defaultConfigurationIsVisible = 0;
			defaultConfigurationName = Release;
		};
		7F5ECB0627F430F20037D571 /* Build configuration list for PBXNativeTarget "CollectionViewDemo" */ = {
			isa = XCConfigurationList;
			buildConfigurations = (
				7F5ECB0727F430F20037D571 /* Debug */,
				7F5ECB0827F430F20037D571 /* Release */,
			);
			defaultConfigurationIsVisible = 0;
			defaultConfigurationName = Release;
		};
		7F5ECB0927F430F20037D571 /* Build configuration list for PBXNativeTarget "CollectionViewDemoTests" */ = {
			isa = XCConfigurationList;
			buildConfigurations = (
				7F5ECB0A27F430F20037D571 /* Debug */,
				7F5ECB0B27F430F20037D571 /* Release */,
			);
			defaultConfigurationIsVisible = 0;
			defaultConfigurationName = Release;
		};
		7F5ECB0C27F430F20037D571 /* Build configuration list for PBXNativeTarget "CollectionViewDemoUITests" */ = {
			isa = XCConfigurationList;
			buildConfigurations = (
				7F5ECB0D27F430F20037D571 /* Debug */,
				7F5ECB0E27F430F20037D571 /* Release */,
			);
			defaultConfigurationIsVisible = 0;
			defaultConfigurationName = Release;
		};
/* End XCConfigurationList section */
	};
	rootObject = 7F5ECAD427F430F10037D571 /* Project object */;
}
